
Microsoft Visual Studio Solution File, Format Version 12.00
# Visual Studio 15
VisualStudioVersion = 15.0.26403.0
MinimumVisualStudioVersion = 10.0.40219.1
Project("{FAE04EC0-301F-11D3-BF4B-00C04F79EFBC}") = "ComplexNumbers_CSharp", "ComplexNumbers_CSharp\ComplexNumbers_CSharp.csproj", "{037728CF-FBAE-4678-90B2-0081DA4094A6}"
EndProject
Project("{FAE04EC0-301F-11D3-BF4B-00C04F79EFBC}") = "ComplexNumber_CSharp_Tests", "ComplexNumber_CSharp_Tests\ComplexNumber_CSharp_Tests.csproj", "{DE7BFD4F-D792-496A-9B85-6639F08D7918}"
EndProject
Global
	GlobalSection(SolutionConfigurationPlatforms) = preSolution
		Debug|Any CPU = Debug|Any CPU
		Release|Any CPU = Release|Any CPU
	EndGlobalSection
	GlobalSection(ProjectConfigurationPlatforms) = postSolution
		{037728CF-FBAE-4678-90B2-0081DA4094A6}.Debug|Any CPU.ActiveCfg = Debug|Any CPU
		{037728CF-FBAE-4678-90B2-0081DA4094A6}.Debug|Any CPU.Build.0 = Debug|Any CPU
		{037728CF-FBAE-4678-90B2-0081DA4094A6}.Release|Any CPU.ActiveCfg = Release|Any CPU
		{037728CF-FBAE-4678-90B2-0081DA4094A6}.Release|Any CPU.Build.0 = Release|Any CPU
		{DE7BFD4F-D792-496A-9B85-6639F08D7918}.Debug|Any CPU.ActiveCfg = Debug|Any CPU
		{DE7BFD4F-D792-496A-9B85-6639F08D7918}.Debug|Any CPU.Build.0 = Debug|Any CPU
		{DE7BFD4F-D792-496A-9B85-6639F08D7918}.Release|Any CPU.ActiveCfg = Release|Any CPU
		{DE7BFD4F-D792-496A-9B85-6639F08D7918}.Release|Any CPU.Build.0 = Release|Any CPU
	EndGlobalSection
	GlobalSection(SolutionProperties) = preSolution
		HideSolutionNode = FALSE
	EndGlobalSection
EndGlobal
